// !$*UTF8*$!
{
	archiveVersion = 1;
	classes = {
	};
	objectVersion = 50;
	objects = {

/* Begin PBXBuildFile section */
		775748CD24AAFDA900E58202 /* AppDelegate.swift in Sources */ = {isa = PBXBuildFile; fileRef = 775748CC24AAFDA900E58202 /* AppDelegate.swift */; };
		775748CF24AAFDA900E58202 /* SceneDelegate.swift in Sources */ = {isa = PBXBuildFile; fileRef = 775748CE24AAFDA900E58202 /* SceneDelegate.swift */; };
		775748D124AAFDA900E58202 /* ContentView.swift in Sources */ = {isa = PBXBuildFile; fileRef = 775748D024AAFDA900E58202 /* ContentView.swift */; };
		775748D324AAFDAA00E58202 /* Assets.xcassets in Resources */ = {isa = PBXBuildFile; fileRef = 775748D224AAFDAA00E58202 /* Assets.xcassets */; };
		775748D624AAFDAA00E58202 /* Preview Assets.xcassets in Resources */ = {isa = PBXBuildFile; fileRef = 775748D524AAFDAA00E58202 /* Preview Assets.xcassets */; };
		775748D924AAFDAA00E58202 /* LaunchScreen.storyboard in Resources */ = {isa = PBXBuildFile; fileRef = 775748D724AAFDAA00E58202 /* LaunchScreen.storyboard */; };
		775748E424AAFDAB00E58202 /* ManageWorkingTimeTests.swift in Sources */ = {isa = PBXBuildFile; fileRef = 775748E324AAFDAB00E58202 /* ManageWorkingTimeTests.swift */; };
		775748EF24AAFDAB00E58202 /* ManageWorkingTimeUITests.swift in Sources */ = {isa = PBXBuildFile; fileRef = 775748EE24AAFDAB00E58202 /* ManageWorkingTimeUITests.swift */; };
		775748FD24AB088D00E58202 /* CircleImage.swift in Sources */ = {isa = PBXBuildFile; fileRef = 775748FC24AB088D00E58202 /* CircleImage.swift */; };
		775748FF24AB09CD00E58202 /* MapView.swift in Sources */ = {isa = PBXBuildFile; fileRef = 775748FE24AB09CD00E58202 /* MapView.swift */; };
/* End PBXBuildFile section */

/* Begin PBXContainerItemProxy section */
		775748E024AAFDAB00E58202 /* PBXContainerItemProxy */ = {
			isa = PBXContainerItemProxy;
			containerPortal = 775748C124AAFDA900E58202 /* Project object */;
			proxyType = 1;
			remoteGlobalIDString = 775748C824AAFDA900E58202;
			remoteInfo = ManageWorkingTime;
		};
		775748EB24AAFDAB00E58202 /* PBXContainerItemProxy */ = {
			isa = PBXContainerItemProxy;
			containerPortal = 775748C124AAFDA900E58202 /* Project object */;
			proxyType = 1;
			remoteGlobalIDString = 775748C824AAFDA900E58202;
			remoteInfo = ManageWorkingTime;
		};
/* End PBXContainerItemProxy section */

/* Begin PBXFileReference section */
		775748C924AAFDA900E58202 /* ManageWorkingTime.app */ = {isa = PBXFileReference; explicitFileType = wrapper.application; includeInIndex = 0; path = ManageWorkingTime.app; sourceTree = BUILT_PRODUCTS_DIR; };
		775748CC24AAFDA900E58202 /* AppDelegate.swift */ = {isa = PBXFileReference; lastKnownFileType = sourcecode.swift; path = AppDelegate.swift; sourceTree = "<group>"; };
		775748CE24AAFDA900E58202 /* SceneDelegate.swift */ = {isa = PBXFileReference; lastKnownFileType = sourcecode.swift; path = SceneDelegate.swift; sourceTree = "<group>"; };
		775748D024AAFDA900E58202 /* ContentView.swift */ = {isa = PBXFileReference; lastKnownFileType = sourcecode.swift; path = ContentView.swift; sourceTree = "<group>"; };
		775748D224AAFDAA00E58202 /* Assets.xcassets */ = {isa = PBXFileReference; lastKnownFileType = folder.assetcatalog; path = Assets.xcassets; sourceTree = "<group>"; };
		775748D524AAFDAA00E58202 /* Preview Assets.xcassets */ = {isa = PBXFileReference; lastKnownFileType = folder.assetcatalog; path = "Preview Assets.xcassets"; sourceTree = "<group>"; };
		775748D824AAFDAA00E58202 /* Base */ = {isa = PBXFileReference; lastKnownFileType = file.storyboard; name = Base; path = Base.lproj/LaunchScreen.storyboard; sourceTree = "<group>"; };
		775748DA24AAFDAA00E58202 /* Info.plist */ = {isa = PBXFileReference; lastKnownFileType = text.plist.xml; path = Info.plist; sourceTree = "<group>"; };
		775748DF24AAFDAB00E58202 /* ManageWorkingTimeTests.xctest */ = {isa = PBXFileReference; explicitFileType = wrapper.cfbundle; includeInIndex = 0; path = ManageWorkingTimeTests.xctest; sourceTree = BUILT_PRODUCTS_DIR; };
		775748E324AAFDAB00E58202 /* ManageWorkingTimeTests.swift */ = {isa = PBXFileReference; lastKnownFileType = sourcecode.swift; path = ManageWorkingTimeTests.swift; sourceTree = "<group>"; };
		775748E524AAFDAB00E58202 /* Info.plist */ = {isa = PBXFileReference; lastKnownFileType = text.plist.xml; path = Info.plist; sourceTree = "<group>"; };
		775748EA24AAFDAB00E58202 /* ManageWorkingTimeUITests.xctest */ = {isa = PBXFileReference; explicitFileType = wrapper.cfbundle; includeInIndex = 0; path = ManageWorkingTimeUITests.xctest; sourceTree = BUILT_PRODUCTS_DIR; };
		775748EE24AAFDAB00E58202 /* ManageWorkingTimeUITests.swift */ = {isa = PBXFileReference; lastKnownFileType = sourcecode.swift; path = ManageWorkingTimeUITests.swift; sourceTree = "<group>"; };
		775748F024AAFDAB00E58202 /* Info.plist */ = {isa = PBXFileReference; lastKnownFileType = text.plist.xml; path = Info.plist; sourceTree = "<group>"; };
		775748FC24AB088D00E58202 /* CircleImage.swift */ = {isa = PBXFileReference; lastKnownFileType = sourcecode.swift; path = CircleImage.swift; sourceTree = "<group>"; };
		775748FE24AB09CD00E58202 /* MapView.swift */ = {isa = PBXFileReference; lastKnownFileType = sourcecode.swift; path = MapView.swift; sourceTree = "<group>"; };
/* End PBXFileReference section */

/* Begin PBXFrameworksBuildPhase section */
		775748C624AAFDA900E58202 /* Frameworks */ = {
			isa = PBXFrameworksBuildPhase;
			buildActionMask = 2147483647;
			files = (
			);
			runOnlyForDeploymentPostprocessing = 0;
		};
		775748DC24AAFDAB00E58202 /* Frameworks */ = {
			isa = PBXFrameworksBuildPhase;
			buildActionMask = 2147483647;
			files = (
			);
			runOnlyForDeploymentPostprocessing = 0;
		};
		775748E724AAFDAB00E58202 /* Frameworks */ = {
			isa = PBXFrameworksBuildPhase;
			buildActionMask = 2147483647;
			files = (
			);
			runOnlyForDeploymentPostprocessing = 0;
		};
/* End PBXFrameworksBuildPhase section */

/* Begin PBXGroup section */
		775748C024AAFDA900E58202 = {
			isa = PBXGroup;
			children = (
				775748CB24AAFDA900E58202 /* ManageWorkingTime */,
				775748E224AAFDAB00E58202 /* ManageWorkingTimeTests */,
				775748ED24AAFDAB00E58202 /* ManageWorkingTimeUITests */,
				775748CA24AAFDA900E58202 /* Products */,
			);
			sourceTree = "<group>";
		};
		775748CA24AAFDA900E58202 /* Products */ = {
			isa = PBXGroup;
			children = (
				775748C924AAFDA900E58202 /* ManageWorkingTime.app */,
				775748DF24AAFDAB00E58202 /* ManageWorkingTimeTests.xctest */,
				775748EA24AAFDAB00E58202 /* ManageWorkingTimeUITests.xctest */,
			);
			name = Products;
			sourceTree = "<group>";
		};
		775748CB24AAFDA900E58202 /* ManageWorkingTime */ = {
			isa = PBXGroup;
			children = (
				775748CC24AAFDA900E58202 /* AppDelegate.swift */,
				775748CE24AAFDA900E58202 /* SceneDelegate.swift */,
				775748D024AAFDA900E58202 /* ContentView.swift */,
				775748D224AAFDAA00E58202 /* Assets.xcassets */,
				775748D724AAFDAA00E58202 /* LaunchScreen.storyboard */,
				775748FC24AB088D00E58202 /* CircleImage.swift */,
				775748FE24AB09CD00E58202 /* MapView.swift */,
				775748DA24AAFDAA00E58202 /* Info.plist */,
				775748D424AAFDAA00E58202 /* Preview Content */,
			);
			path = ManageWorkingTime;
			sourceTree = "<group>";
		};
		775748D424AAFDAA00E58202 /* Preview Content */ = {
			isa = PBXGroup;
			children = (
				775748D524AAFDAA00E58202 /* Preview Assets.xcassets */,
			);
			path = "Preview Content";
			sourceTree = "<group>";
		};
		775748E224AAFDAB00E58202 /* ManageWorkingTimeTests */ = {
			isa = PBXGroup;
			children = (
				775748E324AAFDAB00E58202 /* ManageWorkingTimeTests.swift */,
				775748E524AAFDAB00E58202 /* Info.plist */,
			);
			path = ManageWorkingTimeTests;
			sourceTree = "<group>";
		};
		775748ED24AAFDAB00E58202 /* ManageWorkingTimeUITests */ = {
			isa = PBXGroup;
			children = (
				775748EE24AAFDAB00E58202 /* ManageWorkingTimeUITests.swift */,
				775748F024AAFDAB00E58202 /* Info.plist */,
			);
			path = ManageWorkingTimeUITests;
			sourceTree = "<group>";
		};
/* End PBXGroup section */

/* Begin PBXNativeTarget section */
		775748C824AAFDA900E58202 /* ManageWorkingTime */ = {
			isa = PBXNativeTarget;
			buildConfigurationList = 775748F324AAFDAB00E58202 /* Build configuration list for PBXNativeTarget "ManageWorkingTime" */;
			buildPhases = (
				775748C524AAFDA900E58202 /* Sources */,
				775748C624AAFDA900E58202 /* Frameworks */,
				775748C724AAFDA900E58202 /* Resources */,
			);
			buildRules = (
			);
			dependencies = (
			);
			name = ManageWorkingTime;
			productName = ManageWorkingTime;
			productReference = 775748C924AAFDA900E58202 /* ManageWorkingTime.app */;
			productType = "com.apple.product-type.application";
		};
		775748DE24AAFDAB00E58202 /* ManageWorkingTimeTests */ = {
			isa = PBXNativeTarget;
			buildConfigurationList = 775748F624AAFDAB00E58202 /* Build configuration list for PBXNativeTarget "ManageWorkingTimeTests" */;
			buildPhases = (
				775748DB24AAFDAB00E58202 /* Sources */,
				775748DC24AAFDAB00E58202 /* Frameworks */,
				775748DD24AAFDAB00E58202 /* Resources */,
			);
			buildRules = (
			);
			dependencies = (
				775748E124AAFDAB00E58202 /* PBXTargetDependency */,
			);
			name = ManageWorkingTimeTests;
			productName = ManageWorkingTimeTests;
			productReference = 775748DF24AAFDAB00E58202 /* ManageWorkingTimeTests.xctest */;
			productType = "com.apple.product-type.bundle.unit-test";
		};
		775748E924AAFDAB00E58202 /* ManageWorkingTimeUITests */ = {
			isa = PBXNativeTarget;
			buildConfigurationList = 775748F924AAFDAB00E58202 /* Build configuration list for PBXNativeTarget "ManageWorkingTimeUITests" */;
			buildPhases = (
				775748E624AAFDAB00E58202 /* Sources */,
				775748E724AAFDAB00E58202 /* Frameworks */,
				775748E824AAFDAB00E58202 /* Resources */,
			);
			buildRules = (
			);
			dependencies = (
				775748EC24AAFDAB00E58202 /* PBXTargetDependency */,
			);
			name = ManageWorkingTimeUITests;
			productName = ManageWorkingTimeUITests;
			productReference = 775748EA24AAFDAB00E58202 /* ManageWorkingTimeUITests.xctest */;
			productType = "com.apple.product-type.bundle.ui-testing";
		};
/* End PBXNativeTarget section */

/* Begin PBXProject section */
		775748C124AAFDA900E58202 /* Project object */ = {
			isa = PBXProject;
			attributes = {
				LastSwiftUpdateCheck = 1150;
				LastUpgradeCheck = 1150;
				ORGANIZATIONNAME = tihimsm;
				TargetAttributes = {
					775748C824AAFDA900E58202 = {
						CreatedOnToolsVersion = 11.5;
					};
					775748DE24AAFDAB00E58202 = {
						CreatedOnToolsVersion = 11.5;
						TestTargetID = 775748C824AAFDA900E58202;
					};
					775748E924AAFDAB00E58202 = {
						CreatedOnToolsVersion = 11.5;
						TestTargetID = 775748C824AAFDA900E58202;
					};
				};
			};
			buildConfigurationList = 775748C424AAFDA900E58202 /* Build configuration list for PBXProject "ManageWorkingTime" */;
			compatibilityVersion = "Xcode 9.3";
			developmentRegion = en;
			hasScannedForEncodings = 0;
			knownRegions = (
				en,
				Base,
			);
			mainGroup = 775748C024AAFDA900E58202;
			productRefGroup = 775748CA24AAFDA900E58202 /* Products */;
			projectDirPath = "";
			projectRoot = "";
			targets = (
				775748C824AAFDA900E58202 /* ManageWorkingTime */,
				775748DE24AAFDAB00E58202 /* ManageWorkingTimeTests */,
				775748E924AAFDAB00E58202 /* ManageWorkingTimeUITests */,
			);
		};
/* End PBXProject section */

/* Begin PBXResourcesBuildPhase section */
		775748C724AAFDA900E58202 /* Resources */ = {
			isa = PBXResourcesBuildPhase;
			buildActionMask = 2147483647;
			files = (
				775748D924AAFDAA00E58202 /* LaunchScreen.storyboard in Resources */,
				775748D624AAFDAA00E58202 /* Preview Assets.xcassets in Resources */,
				775748D324AAFDAA00E58202 /* Assets.xcassets in Resources */,
			);
			runOnlyForDeploymentPostprocessing = 0;
		};
		775748DD24AAFDAB00E58202 /* Resources */ = {
			isa = PBXResourcesBuildPhase;
			buildActionMask = 2147483647;
			files = (
			);
			runOnlyForDeploymentPostprocessing = 0;
		};
		775748E824AAFDAB00E58202 /* Resources */ = {
			isa = PBXResourcesBuildPhase;
			buildActionMask = 2147483647;
			files = (
			);
			runOnlyForDeploymentPostprocessing = 0;
		};
/* End PBXResourcesBuildPhase section */

/* Begin PBXSourcesBuildPhase section */
		775748C524AAFDA900E58202 /* Sources */ = {
			isa = PBXSourcesBuildPhase;
			buildActionMask = 2147483647;
			files = (
				775748CD24AAFDA900E58202 /* AppDelegate.swift in Sources */,
				775748FD24AB088D00E58202 /* CircleImage.swift in Sources */,
				775748FF24AB09CD00E58202 /* MapView.swift in Sources */,
				775748CF24AAFDA900E58202 /* SceneDelegate.swift in Sources */,
				775748D124AAFDA900E58202 /* ContentView.swift in Sources */,
			);
			runOnlyForDeploymentPostprocessing = 0;
		};
		775748DB24AAFDAB00E58202 /* Sources */ = {
			isa = PBXSourcesBuildPhase;
			buildActionMask = 2147483647;
			files = (
				775748E424AAFDAB00E58202 /* ManageWorkingTimeTests.swift in Sources */,
			);
			runOnlyForDeploymentPostprocessing = 0;
		};
		775748E624AAFDAB00E58202 /* Sources */ = {
			isa = PBXSourcesBuildPhase;
			buildActionMask = 2147483647;
			files = (
				775748EF24AAFDAB00E58202 /* ManageWorkingTimeUITests.swift in Sources */,
			);
			runOnlyForDeploymentPostprocessing = 0;
		};
/* End PBXSourcesBuildPhase section */

/* Begin PBXTargetDependency section */
		775748E124AAFDAB00E58202 /* PBXTargetDependency */ = {
			isa = PBXTargetDependency;
			target = 775748C824AAFDA900E58202 /* ManageWorkingTime */;
			targetProxy = 775748E024AAFDAB00E58202 /* PBXContainerItemProxy */;
		};
		775748EC24AAFDAB00E58202 /* PBXTargetDependency */ = {
			isa = PBXTargetDependency;
			target = 775748C824AAFDA900E58202 /* ManageWorkingTime */;
			targetProxy = 775748EB24AAFDAB00E58202 /* PBXContainerItemProxy */;
		};
/* End PBXTargetDependency section */

/* Begin PBXVariantGroup section */
		775748D724AAFDAA00E58202 /* LaunchScreen.storyboard */ = {
			isa = PBXVariantGroup;
			children = (
				775748D824AAFDAA00E58202 /* Base */,
			);
			name = LaunchScreen.storyboard;
			sourceTree = "<group>";
		};
/* End PBXVariantGroup section */

/* Begin XCBuildConfiguration section */
		775748F124AAFDAB00E58202 /* Debug */ = {
			isa = XCBuildConfiguration;
			buildSettings = {
				ALWAYS_SEARCH_USER_PATHS = NO;
				CLANG_ANALYZER_NONNULL = YES;
				CLANG_ANALYZER_NUMBER_OBJECT_CONVERSION = YES_AGGRESSIVE;
				CLANG_CXX_LANGUAGE_STANDARD = "gnu++14";
				CLANG_CXX_LIBRARY = "libc++";
				CLANG_ENABLE_MODULES = YES;
				CLANG_ENABLE_OBJC_ARC = YES;
				CLANG_ENABLE_OBJC_WEAK = YES;
				CLANG_WARN_BLOCK_CAPTURE_AUTORELEASING = YES;
				CLANG_WARN_BOOL_CONVERSION = YES;
				CLANG_WARN_COMMA = YES;
				CLANG_WARN_CONSTANT_CONVERSION = YES;
				CLANG_WARN_DEPRECATED_OBJC_IMPLEMENTATIONS = YES;
				CLANG_WARN_DIRECT_OBJC_ISA_USAGE = YES_ERROR;
				CLANG_WARN_DOCUMENTATION_COMMENTS = YES;
				CLANG_WARN_EMPTY_BODY = YES;
				CLANG_WARN_ENUM_CONVERSION = YES;
				CLANG_WARN_INFINITE_RECURSION = YES;
				CLANG_WARN_INT_CONVERSION = YES;
				CLANG_WARN_NON_LITERAL_NULL_CONVERSION = YES;
				CLANG_WARN_OBJC_IMPLICIT_RETAIN_SELF = YES;
				CLANG_WARN_OBJC_LITERAL_CONVERSION = YES;
				CLANG_WARN_OBJC_ROOT_CLASS = YES_ERROR;
				CLANG_WARN_RANGE_LOOP_ANALYSIS = YES;
				CLANG_WARN_STRICT_PROTOTYPES = YES;
				CLANG_WARN_SUSPICIOUS_MOVE = YES;
				CLANG_WARN_UNGUARDED_AVAILABILITY = YES_AGGRESSIVE;
				CLANG_WARN_UNREACHABLE_CODE = YES;
				CLANG_WARN__DUPLICATE_METHOD_MATCH = YES;
				COPY_PHASE_STRIP = NO;
				DEBUG_INFORMATION_FORMAT = dwarf;
				ENABLE_STRICT_OBJC_MSGSEND = YES;
				ENABLE_TESTABILITY = YES;
				GCC_C_LANGUAGE_STANDARD = gnu11;
				GCC_DYNAMIC_NO_PIC = NO;
				GCC_NO_COMMON_BLOCKS = YES;
				GCC_OPTIMIZATION_LEVEL = 0;
				GCC_PREPROCESSOR_DEFINITIONS = (
					"DEBUG=1",
					"$(inherited)",
				);
				GCC_WARN_64_TO_32_BIT_CONVERSION = YES;
				GCC_WARN_ABOUT_RETURN_TYPE = YES_ERROR;
				GCC_WARN_UNDECLARED_SELECTOR = YES;
				GCC_WARN_UNINITIALIZED_AUTOS = YES_AGGRESSIVE;
				GCC_WARN_UNUSED_FUNCTION = YES;
				GCC_WARN_UNUSED_VARIABLE = YES;
				IPHONEOS_DEPLOYMENT_TARGET = 13.5;
				MTL_ENABLE_DEBUG_INFO = INCLUDE_SOURCE;
				MTL_FAST_MATH = YES;
				ONLY_ACTIVE_ARCH = YES;
				SDKROOT = iphoneos;
				SWIFT_ACTIVE_COMPILATION_CONDITIONS = DEBUG;
				SWIFT_OPTIMIZATION_LEVEL = "-Onone";
			};
			name = Debug;
		};
		775748F224AAFDAB00E58202 /* Release */ = {
			isa = XCBuildConfiguration;
			buildSettings = {
				ALWAYS_SEARCH_USER_PATHS = NO;
				CLANG_ANALYZER_NONNULL = YES;
				CLANG_ANALYZER_NUMBER_OBJECT_CONVERSION = YES_AGGRESSIVE;
				CLANG_CXX_LANGUAGE_STANDARD = "gnu++14";
				CLANG_CXX_LIBRARY = "libc++";
				CLANG_ENABLE_MODULES = YES;
				CLANG_ENABLE_OBJC_ARC = YES;
				CLANG_ENABLE_OBJC_WEAK = YES;
				CLANG_WARN_BLOCK_CAPTURE_AUTORELEASING = YES;
				CLANG_WARN_BOOL_CONVERSION = YES;
				CLANG_WARN_COMMA = YES;
				CLANG_WARN_CONSTANT_CONVERSION = YES;
				CLANG_WARN_DEPRECATED_OBJC_IMPLEMENTATIONS = YES;
				CLANG_WARN_DIRECT_OBJC_ISA_USAGE = YES_ERROR;
				CLANG_WARN_DOCUMENTATION_COMMENTS = YES;
				CLANG_WARN_EMPTY_BODY = YES;
				CLANG_WARN_ENUM_CONVERSION = YES;
				CLANG_WARN_INFINITE_RECURSION = YES;
				CLANG_WARN_INT_CONVERSION = YES;
				CLANG_WARN_NON_LITERAL_NULL_CONVERSION = YES;
				CLANG_WARN_OBJC_IMPLICIT_RETAIN_SELF = YES;
				CLANG_WARN_OBJC_LITERAL_CONVERSION = YES;
				CLANG_WARN_OBJC_ROOT_CLASS = YES_ERROR;
				CLANG_WARN_RANGE_LOOP_ANALYSIS = YES;
				CLANG_WARN_STRICT_PROTOTYPES = YES;
				CLANG_WARN_SUSPICIOUS_MOVE = YES;
				CLANG_WARN_UNGUARDED_AVAILABILITY = YES_AGGRESSIVE;
				CLANG_WARN_UNREACHABLE_CODE = YES;
				CLANG_WARN__DUPLICATE_METHOD_MATCH = YES;
				COPY_PHASE_STRIP = NO;
				DEBUG_INFORMATION_FORMAT = "dwarf-with-dsym";
				ENABLE_NS_ASSERTIONS = NO;
				ENABLE_STRICT_OBJC_MSGSEND = YES;
				GCC_C_LANGUAGE_STANDARD = gnu11;
				GCC_NO_COMMON_BLOCKS = YES;
				GCC_WARN_64_TO_32_BIT_CONVERSION = YES;
				GCC_WARN_ABOUT_RETURN_TYPE = YES_ERROR;
				GCC_WARN_UNDECLARED_SELECTOR = YES;
				GCC_WARN_UNINITIALIZED_AUTOS = YES_AGGRESSIVE;
				GCC_WARN_UNUSED_FUNCTION = YES;
				GCC_WARN_UNUSED_VARIABLE = YES;
				IPHONEOS_DEPLOYMENT_TARGET = 13.5;
				MTL_ENABLE_DEBUG_INFO = NO;
				MTL_FAST_MATH = YES;
				SDKROOT = iphoneos;
				SWIFT_COMPILATION_MODE = wholemodule;
				SWIFT_OPTIMIZATION_LEVEL = "-O";
				VALIDATE_PRODUCT = YES;
			};
			name = Release;
		};
		775748F424AAFDAB00E58202 /* Debug */ = {
			isa = XCBuildConfiguration;
			buildSettings = {
				ASSETCATALOG_COMPILER_APPICON_NAME = AppIcon;
				CODE_SIGN_STYLE = Automatic;
				DEVELOPMENT_ASSET_PATHS = "\"ManageWorkingTime/Preview Content\"";
				ENABLE_PREVIEWS = YES;
				INFOPLIST_FILE = ManageWorkingTime/Info.plist;
				LD_RUNPATH_SEARCH_PATHS = (
					"$(inherited)",
					"@executable_path/Frameworks",
				);
				PRODUCT_BUNDLE_IDENTIFIER = tihimsm.ManageWorkingTime;
				PRODUCT_NAME = "$(TARGET_NAME)";
				SWIFT_VERSION = 5.0;
				TARGETED_DEVICE_FAMILY = "1,2";
			};
			name = Debug;
		};
		775748F524AAFDAB00E58202 /* Release */ = {
			isa = XCBuildConfiguration;
			buildSettings = {
				ASSETCATALOG_COMPILER_APPICON_NAME = AppIcon;
				CODE_SIGN_STYLE = Automatic;
				DEVELOPMENT_ASSET_PATHS = "\"ManageWorkingTime/Preview Content\"";
				ENABLE_PREVIEWS = YES;
				INFOPLIST_FILE = ManageWorkingTime/Info.plist;
				LD_RUNPATH_SEARCH_PATHS = (
					"$(inherited)",
					"@executable_path/Frameworks",
				);
				PRODUCT_BUNDLE_IDENTIFIER = tihimsm.ManageWorkingTime;
				PRODUCT_NAME = "$(TARGET_NAME)";
				SWIFT_VERSION = 5.0;
				TARGETED_DEVICE_FAMILY = "1,2";
			};
			name = Release;
		};
		775748F724AAFDAB00E58202 /* Debug */ = {
			isa = XCBuildConfiguration;
			buildSettings = {
				ALWAYS_EMBED_SWIFT_STANDARD_LIBRARIES = YES;
				BUNDLE_LOADER = "$(TEST_HOST)";
				CODE_SIGN_STYLE = Automatic;
				INFOPLIST_FILE = ManageWorkingTimeTests/Info.plist;
				IPHONEOS_DEPLOYMENT_TARGET = 13.5;
				LD_RUNPATH_SEARCH_PATHS = (
					"$(inherited)",
					"@executable_path/Frameworks",
					"@loader_path/Frameworks",
				);
				PRODUCT_BUNDLE_IDENTIFIER = tihimsm.ManageWorkingTimeTests;
				PRODUCT_NAME = "$(TARGET_NAME)";
				SWIFT_VERSION = 5.0;
				TARGETED_DEVICE_FAMILY = "1,2";
				TEST_HOST = "$(BUILT_PRODUCTS_DIR)/ManageWorkingTime.app/ManageWorkingTime";
			};
			name = Debug;
		};
		775748F824AAFDAB00E58202 /* Release */ = {
			isa = XCBuildConfiguration;
			buildSettings = {
				ALWAYS_EMBED_SWIFT_STANDARD_LIBRARIES = YES;
				BUNDLE_LOADER = "$(TEST_HOST)";
				CODE_SIGN_STYLE = Automatic;
				INFOPLIST_FILE = ManageWorkingTimeTests/Info.plist;
				IPHONEOS_DEPLOYMENT_TARGET = 13.5;
				LD_RUNPATH_SEARCH_PATHS = (
					"$(inherited)",
					"@executable_path/Frameworks",
					"@loader_path/Frameworks",
				);
				PRODUCT_BUNDLE_IDENTIFIER = tihimsm.ManageWorkingTimeTests;
				PRODUCT_NAME = "$(TARGET_NAME)";
				SWIFT_VERSION = 5.0;
				TARGETED_DEVICE_FAMILY = "1,2";
				TEST_HOST = "$(BUILT_PRODUCTS_DIR)/ManageWorkingTime.app/ManageWorkingTime";
			};
			name = Release;
		};
		775748FA24AAFDAB00E58202 /* Debug */ = {
			isa = XCBuildConfiguration;
			buildSettings = {
				ALWAYS_EMBED_SWIFT_STANDARD_LIBRARIES = YES;
				CODE_SIGN_STYLE = Automatic;
				INFOPLIST_FILE = ManageWorkingTimeUITests/Info.plist;
				LD_RUNPATH_SEARCH_PATHS = (
					"$(inherited)",
					"@executable_path/Frameworks",
					"@loader_path/Frameworks",
				);
				PRODUCT_BUNDLE_IDENTIFIER = tihimsm.ManageWorkingTimeUITests;
				PRODUCT_NAME = "$(TARGET_NAME)";
				SWIFT_VERSION = 5.0;
				TARGETED_DEVICE_FAMILY = "1,2";
				TEST_TARGET_NAME = ManageWorkingTime;
			};
			name = Debug;
		};
		775748FB24AAFDAB00E58202 /* Release */ = {
			isa = XCBuildConfiguration;
			buildSettings = {
				ALWAYS_EMBED_SWIFT_STANDARD_LIBRARIES = YES;
				CODE_SIGN_STYLE = Automatic;
				INFOPLIST_FILE = ManageWorkingTimeUITests/Info.plist;
				LD_RUNPATH_SEARCH_PATHS = (
					"$(inherited)",
					"@executable_path/Frameworks",
					"@loader_path/Frameworks",
				);
				PRODUCT_BUNDLE_IDENTIFIER = tihimsm.ManageWorkingTimeUITests;
				PRODUCT_NAME = "$(TARGET_NAME)";
				SWIFT_VERSION = 5.0;
				TARGETED_DEVICE_FAMILY = "1,2";
				TEST_TARGET_NAME = ManageWorkingTime;
			};
			name = Release;
		};
/* End XCBuildConfiguration section */

/* Begin XCConfigurationList section */
		775748C424AAFDA900E58202 /* Build configuration list for PBXProject "ManageWorkingTime" */ = {
			isa = XCConfigurationList;
			buildConfigurations = (
				775748F124AAFDAB00E58202 /* Debug */,
				775748F224AAFDAB00E58202 /* Release */,
			);
			defaultConfigurationIsVisible = 0;
			defaultConfigurationName = Release;
		};
		775748F324AAFDAB00E58202 /* Build configuration list for PBXNativeTarget "ManageWorkingTime" */ = {
			isa = XCConfigurationList;
			buildConfigurations = (
				775748F424AAFDAB00E58202 /* Debug */,
				775748F524AAFDAB00E58202 /* Release */,
			);
			defaultConfigurationIsVisible = 0;
			defaultConfigurationName = Release;
		};
		775748F624AAFDAB00E58202 /* Build configuration list for PBXNativeTarget "ManageWorkingTimeTests" */ = {
			isa = XCConfigurationList;
			buildConfigurations = (
				775748F724AAFDAB00E58202 /* Debug */,
				775748F824AAFDAB00E58202 /* Release */,
			);
			defaultConfigurationIsVisible = 0;
			defaultConfigurationName = Release;
		};
		775748F924AAFDAB00E58202 /* Build configuration list for PBXNativeTarget "ManageWorkingTimeUITests" */ = {
			isa = XCConfigurationList;
			buildConfigurations = (
				775748FA24AAFDAB00E58202 /* Debug */,
				775748FB24AAFDAB00E58202 /* Release */,
			);
			defaultConfigurationIsVisible = 0;
			defaultConfigurationName = Release;
		};
/* End XCConfigurationList section */
	};
	rootObject = 775748C124AAFDA900E58202 /* Project object */;
}
